PODS:
  - AAII (0.0.2)

DEPENDENCIES:
  - AAII (from `https://github.com/EstevanBR/AAII.git`)

EXTERNAL SOURCES:
  AAII:
    :git: https://github.com/EstevanBR/AAII.git

CHECKOUT OPTIONS:
  AAII:
    :commit: 21b729326f9417ab96fc489b139a2c38da32a210
    :git: https://github.com/EstevanBR/AAII.git

SPEC CHECKSUMS:
  AAII: 928697d429c863df51d9e5337e26dd9f2c07db01

PODFILE CHECKSUM: 92da6ad95c2d3f13fd59683513f29aa415388b12

COCOAPODS: 1.8.4
