{
  "object": {
    "pins": [
      {
        "package": "AAIDInjection",
        "repositoryURL": "https://github.com/EstevanBR/AAIDInjection",
        "state": {
          "branch": "master",
          "revision": "dce9b4c4c4f5853c66d6d0e36ca9d3285eb15b05",
          "version": null
        }
      }
    ]
  },
  "version": 1
}
