{
  "object": {
    "pins": [
      {
        "package": "AAII",
        "repositoryURL": "https://github.com/EstevanBR/AAII.git",
        "state": {
          "branch": "master",
          "revision": "243e1ca082f9e421874e17111724319f94db0925",
          "version": null
        }
      }
    ]
  },
  "version": 1
}
