// !$*UTF8*$!
{
	archiveVersion = 1;
	classes = {
	};
	objectVersion = 52;
	objects = {

/* Begin PBXBuildFile section */
		D023D6FA2319FE0E00EAC9DA /* Accessibility.swift in Sources */ = {isa = PBXBuildFile; fileRef = D0D3DD952314BCA40076372D /* Accessibility.swift */; platformFilter = ios; };
		D023D6FC231A033E00EAC9DA /* ButtonTitles.swift in Sources */ = {isa = PBXBuildFile; fileRef = D023D6FB231A033E00EAC9DA /* ButtonTitles.swift */; };
		D023D6FE231A05C400EAC9DA /* CardUITests.swift in Sources */ = {isa = PBXBuildFile; fileRef = D0480F981F0723820064C217 /* CardUITests.swift */; platformFilter = ios; };
		D023D6FF231A05C800EAC9DA /* ButtonTitles.swift in Sources */ = {isa = PBXBuildFile; fileRef = D023D6FB231A033E00EAC9DA /* ButtonTitles.swift */; platformFilter = ios; };
		D023D701231A24A200EAC9DA /* QuestionsTableViewController.swift in Sources */ = {isa = PBXBuildFile; fileRef = D023D700231A24A200EAC9DA /* QuestionsTableViewController.swift */; };
		D023D704231A24E000EAC9DA /* QuestionsTableViewController.storyboard in Resources */ = {isa = PBXBuildFile; fileRef = D023D702231A24E000EAC9DA /* QuestionsTableViewController.storyboard */; };
		D023D706231B77FA00EAC9DA /* CardViewController.storyboard in Resources */ = {isa = PBXBuildFile; fileRef = D023D705231B77FA00EAC9DA /* CardViewController.storyboard */; };
		D06CFDE51E09D9D20079D7CF /* AppDelegate.swift in Sources */ = {isa = PBXBuildFile; fileRef = D06CFDE41E09D9D20079D7CF /* AppDelegate.swift */; };
		D06CFDE71E09D9D20079D7CF /* CardViewController.swift in Sources */ = {isa = PBXBuildFile; fileRef = D06CFDE61E09D9D20079D7CF /* CardViewController.swift */; };
		D06CFDEC1E09D9D20079D7CF /* Assets.xcassets in Resources */ = {isa = PBXBuildFile; fileRef = D06CFDEB1E09D9D20079D7CF /* Assets.xcassets */; };
		D06CFDEF1E09D9D20079D7CF /* LaunchScreen.storyboard in Resources */ = {isa = PBXBuildFile; fileRef = D06CFDED1E09D9D20079D7CF /* LaunchScreen.storyboard */; };
		D06CFDFA1E0A0DD20079D7CF /* Card.xib in Resources */ = {isa = PBXBuildFile; fileRef = D06CFDF91E0A0DD20079D7CF /* Card.xib */; };
		D06CFDFC1E0A0DED0079D7CF /* CardView.swift in Sources */ = {isa = PBXBuildFile; fileRef = D06CFDFB1E0A0DED0079D7CF /* CardView.swift */; };
		D0D37160236FFF2500EAED7C /* QuestionsTests.swift in Sources */ = {isa = PBXBuildFile; fileRef = D0D3715F236FFF2500EAED7C /* QuestionsTests.swift */; };
		D0D3DD962314BCA40076372D /* Accessibility.swift in Sources */ = {isa = PBXBuildFile; fileRef = D0D3DD952314BCA40076372D /* Accessibility.swift */; };
		D0D9BEA223665760008A5514 /* Page.swift in Sources */ = {isa = PBXBuildFile; fileRef = D0D9BEA123665760008A5514 /* Page.swift */; };
		D0D9BEA3236659AC008A5514 /* AVFoundation.framework in Frameworks */ = {isa = PBXBuildFile; fileRef = D06CFDF71E09DA130079D7CF /* AVFoundation.framework */; };
		D0D9BEA723666F16008A5514 /* TestLaunchArguments.swift in Sources */ = {isa = PBXBuildFile; fileRef = D0D9BEA623666F16008A5514 /* TestLaunchArguments.swift */; };
		D0D9BEA823666F39008A5514 /* TestLaunchArguments.swift in Sources */ = {isa = PBXBuildFile; fileRef = D0D9BEA623666F16008A5514 /* TestLaunchArguments.swift */; };
		D0F06B3C23667C96000A7C8B /* CardPages.swift in Sources */ = {isa = PBXBuildFile; fileRef = D0F06B3B23667C96000A7C8B /* CardPages.swift */; };
		D0F396D81E1489C400E8020A /* Questions.swift in Sources */ = {isa = PBXBuildFile; fileRef = D0F396D71E1489C400E8020A /* Questions.swift */; };
		D0FAAB36236E3A6A005710CD /* AAIDInjection in Frameworks */ = {isa = PBXBuildFile; productRef = D0FAAB35236E3A6A005710CD /* AAIDInjection */; };
/* End PBXBuildFile section */

/* Begin PBXContainerItemProxy section */
		D0480F9B1F0723820064C217 /* PBXContainerItemProxy */ = {
			isa = PBXContainerItemProxy;
			containerPortal = D06CFDD91E09D9D10079D7CF /* Project object */;
			proxyType = 1;
			remoteGlobalIDString = D06CFDE01E09D9D10079D7CF;
			remoteInfo = Card;
		};
		D0D3715A236FFE0600EAED7C /* PBXContainerItemProxy */ = {
			isa = PBXContainerItemProxy;
			containerPortal = D06CFDD91E09D9D10079D7CF /* Project object */;
			proxyType = 1;
			remoteGlobalIDString = D06CFDE01E09D9D10079D7CF;
			remoteInfo = Card;
		};
/* End PBXContainerItemProxy section */

/* Begin PBXCopyFilesBuildPhase section */
		D0343D83236BD6CB00D4F273 /* Embed Frameworks */ = {
			isa = PBXCopyFilesBuildPhase;
			buildActionMask = 2147483647;
			dstPath = "";
			dstSubfolderSpec = 10;
			files = (
			);
			name = "Embed Frameworks";
			runOnlyForDeploymentPostprocessing = 0;
		};
/* End PBXCopyFilesBuildPhase section */

/* Begin PBXFileReference section */
		D023D6FB231A033E00EAC9DA /* ButtonTitles.swift */ = {isa = PBXFileReference; lastKnownFileType = sourcecode.swift; path = ButtonTitles.swift; sourceTree = "<group>"; };
		D023D700231A24A200EAC9DA /* QuestionsTableViewController.swift */ = {isa = PBXFileReference; lastKnownFileType = sourcecode.swift; path = QuestionsTableViewController.swift; sourceTree = "<group>"; };
		D023D703231A24E000EAC9DA /* Base */ = {isa = PBXFileReference; lastKnownFileType = file.storyboard; name = Base; path = Card/Base.lproj/QuestionsTableViewController.storyboard; sourceTree = "<group>"; };
		D023D705231B77FA00EAC9DA /* CardViewController.storyboard */ = {isa = PBXFileReference; fileEncoding = 4; lastKnownFileType = file.storyboard; path = CardViewController.storyboard; sourceTree = "<group>"; };
		D0480F961F0723820064C217 /* CardUITests.xctest */ = {isa = PBXFileReference; explicitFileType = wrapper.cfbundle; includeInIndex = 0; path = CardUITests.xctest; sourceTree = BUILT_PRODUCTS_DIR; };
		D0480F981F0723820064C217 /* CardUITests.swift */ = {isa = PBXFileReference; lastKnownFileType = sourcecode.swift; path = CardUITests.swift; sourceTree = "<group>"; };
		D0480F9A1F0723820064C217 /* Info.plist */ = {isa = PBXFileReference; lastKnownFileType = text.plist.xml; path = Info.plist; sourceTree = "<group>"; };
		D06CA70E236142B800610444 /* XCTest.framework */ = {isa = PBXFileReference; lastKnownFileType = wrapper.framework; name = XCTest.framework; path = Platforms/iPhoneOS.platform/Developer/Library/Frameworks/XCTest.framework; sourceTree = DEVELOPER_DIR; };
		D06CFDE11E09D9D20079D7CF /* Card.app */ = {isa = PBXFileReference; explicitFileType = wrapper.application; includeInIndex = 0; path = Card.app; sourceTree = BUILT_PRODUCTS_DIR; };
		D06CFDE41E09D9D20079D7CF /* AppDelegate.swift */ = {isa = PBXFileReference; lastKnownFileType = sourcecode.swift; path = AppDelegate.swift; sourceTree = "<group>"; };
		D06CFDE61E09D9D20079D7CF /* CardViewController.swift */ = {isa = PBXFileReference; lastKnownFileType = sourcecode.swift; path = CardViewController.swift; sourceTree = "<group>"; };
		D06CFDEB1E09D9D20079D7CF /* Assets.xcassets */ = {isa = PBXFileReference; lastKnownFileType = folder.assetcatalog; path = Assets.xcassets; sourceTree = "<group>"; };
		D06CFDEE1E09D9D20079D7CF /* Base */ = {isa = PBXFileReference; lastKnownFileType = file.storyboard; name = Base; path = Base.lproj/LaunchScreen.storyboard; sourceTree = "<group>"; };
		D06CFDF01E09D9D20079D7CF /* Info.plist */ = {isa = PBXFileReference; lastKnownFileType = text.plist.xml; path = Info.plist; sourceTree = "<group>"; };
		D06CFDF71E09DA130079D7CF /* AVFoundation.framework */ = {isa = PBXFileReference; lastKnownFileType = wrapper.framework; name = AVFoundation.framework; path = System/Library/Frameworks/AVFoundation.framework; sourceTree = SDKROOT; };
		D06CFDF91E0A0DD20079D7CF /* Card.xib */ = {isa = PBXFileReference; fileEncoding = 4; lastKnownFileType = file.xib; path = Card.xib; sourceTree = "<group>"; };
		D06CFDFB1E0A0DED0079D7CF /* CardView.swift */ = {isa = PBXFileReference; fileEncoding = 4; lastKnownFileType = sourcecode.swift; path = CardView.swift; sourceTree = "<group>"; };
		D0D37155236FFE0600EAED7C /* CardTests.xctest */ = {isa = PBXFileReference; explicitFileType = wrapper.cfbundle; includeInIndex = 0; path = CardTests.xctest; sourceTree = BUILT_PRODUCTS_DIR; };
		D0D37159236FFE0600EAED7C /* Info.plist */ = {isa = PBXFileReference; lastKnownFileType = text.plist.xml; path = Info.plist; sourceTree = "<group>"; };
		D0D3715F236FFF2500EAED7C /* QuestionsTests.swift */ = {isa = PBXFileReference; lastKnownFileType = sourcecode.swift; path = QuestionsTests.swift; sourceTree = "<group>"; };
		D0D3DD952314BCA40076372D /* Accessibility.swift */ = {isa = PBXFileReference; lastKnownFileType = sourcecode.swift; path = Accessibility.swift; sourceTree = "<group>"; };
		D0D9BEA123665760008A5514 /* Page.swift */ = {isa = PBXFileReference; lastKnownFileType = sourcecode.swift; path = Page.swift; sourceTree = "<group>"; };
		D0D9BEA623666F16008A5514 /* TestLaunchArguments.swift */ = {isa = PBXFileReference; lastKnownFileType = sourcecode.swift; path = TestLaunchArguments.swift; sourceTree = "<group>"; };
		D0F06B3B23667C96000A7C8B /* CardPages.swift */ = {isa = PBXFileReference; lastKnownFileType = sourcecode.swift; path = CardPages.swift; sourceTree = "<group>"; };
		D0F396D71E1489C400E8020A /* Questions.swift */ = {isa = PBXFileReference; fileEncoding = 4; lastKnownFileType = sourcecode.swift; path = Questions.swift; sourceTree = "<group>"; };
/* End PBXFileReference section */

/* Begin PBXFrameworksBuildPhase section */
		D0480F931F0723820064C217 /* Frameworks */ = {
			isa = PBXFrameworksBuildPhase;
			buildActionMask = 2147483647;
			files = (
			);
			runOnlyForDeploymentPostprocessing = 0;
		};
		D06CFDDE1E09D9D10079D7CF /* Frameworks */ = {
			isa = PBXFrameworksBuildPhase;
			buildActionMask = 2147483647;
			files = (
				D0D9BEA3236659AC008A5514 /* AVFoundation.framework in Frameworks */,
				D0FAAB36236E3A6A005710CD /* AAIDInjection in Frameworks */,
			);
			runOnlyForDeploymentPostprocessing = 0;
		};
		D0D37152236FFE0600EAED7C /* Frameworks */ = {
			isa = PBXFrameworksBuildPhase;
			buildActionMask = 2147483647;
			files = (
			);
			runOnlyForDeploymentPostprocessing = 0;
		};
/* End PBXFrameworksBuildPhase section */

/* Begin PBXGroup section */
		D0480F971F0723820064C217 /* CardUITests */ = {
			isa = PBXGroup;
			children = (
				D0F06B3D236680C4000A7C8B /* Pages */,
				D0480F981F0723820064C217 /* CardUITests.swift */,
				D0480F9A1F0723820064C217 /* Info.plist */,
				D0D9BEA623666F16008A5514 /* TestLaunchArguments.swift */,
			);
			path = CardUITests;
			sourceTree = "<group>";
		};
		D06CFDD81E09D9D10079D7CF = {
			isa = PBXGroup;
			children = (
				D06CFDE31E09D9D20079D7CF /* Card */,
				D0480F971F0723820064C217 /* CardUITests */,
				D0D37156236FFE0600EAED7C /* CardTests */,
				D06CFDE21E09D9D20079D7CF /* Products */,
				D06CFDF61E09DA130079D7CF /* Frameworks */,
			);
			sourceTree = "<group>";
		};
		D06CFDE21E09D9D20079D7CF /* Products */ = {
			isa = PBXGroup;
			children = (
				D06CFDE11E09D9D20079D7CF /* Card.app */,
				D0480F961F0723820064C217 /* CardUITests.xctest */,
				D0D37155236FFE0600EAED7C /* CardTests.xctest */,
			);
			name = Products;
			sourceTree = "<group>";
		};
		D06CFDE31E09D9D20079D7CF /* Card */ = {
			isa = PBXGroup;
			children = (
				D023D705231B77FA00EAC9DA /* CardViewController.storyboard */,
				D023D702231A24E000EAC9DA /* QuestionsTableViewController.storyboard */,
				D06CFDE41E09D9D20079D7CF /* AppDelegate.swift */,
				D06CFDE61E09D9D20079D7CF /* CardViewController.swift */,
				D06CFDF91E0A0DD20079D7CF /* Card.xib */,
				D06CFDFB1E0A0DED0079D7CF /* CardView.swift */,
				D0F396D71E1489C400E8020A /* Questions.swift */,
				D06CFDEB1E09D9D20079D7CF /* Assets.xcassets */,
				D06CFDED1E09D9D20079D7CF /* LaunchScreen.storyboard */,
				D06CFDF01E09D9D20079D7CF /* Info.plist */,
				D0D3DD952314BCA40076372D /* Accessibility.swift */,
				D023D6FB231A033E00EAC9DA /* ButtonTitles.swift */,
				D023D700231A24A200EAC9DA /* QuestionsTableViewController.swift */,
			);
			path = Card;
			sourceTree = "<group>";
		};
		D06CFDF61E09DA130079D7CF /* Frameworks */ = {
			isa = PBXGroup;
			children = (
				D06CA70E236142B800610444 /* XCTest.framework */,
				D06CFDF71E09DA130079D7CF /* AVFoundation.framework */,
			);
			name = Frameworks;
			sourceTree = "<group>";
		};
		D0D37156236FFE0600EAED7C /* CardTests */ = {
			isa = PBXGroup;
			children = (
				D0D3715F236FFF2500EAED7C /* QuestionsTests.swift */,
				D0D37159236FFE0600EAED7C /* Info.plist */,
			);
			path = CardTests;
			sourceTree = "<group>";
		};
		D0F06B3D236680C4000A7C8B /* Pages */ = {
			isa = PBXGroup;
			children = (
				D0D9BEA123665760008A5514 /* Page.swift */,
				D0F06B3B23667C96000A7C8B /* CardPages.swift */,
			);
			name = Pages;
			sourceTree = "<group>";
		};
/* End PBXGroup section */

/* Begin PBXNativeTarget section */
		D0480F951F0723820064C217 /* CardUITests */ = {
			isa = PBXNativeTarget;
			buildConfigurationList = D0480F9F1F0723820064C217 /* Build configuration list for PBXNativeTarget "CardUITests" */;
			buildPhases = (
				D0480F921F0723820064C217 /* Sources */,
				D0480F931F0723820064C217 /* Frameworks */,
				D0480F941F0723820064C217 /* Resources */,
			);
			buildRules = (
			);
			dependencies = (
				D0480F9C1F0723820064C217 /* PBXTargetDependency */,
			);
			name = CardUITests;
			productName = CardUITests;
			productReference = D0480F961F0723820064C217 /* CardUITests.xctest */;
			productType = "com.apple.product-type.bundle.ui-testing";
		};
		D06CFDE01E09D9D10079D7CF /* Card */ = {
			isa = PBXNativeTarget;
			buildConfigurationList = D06CFDF31E09D9D20079D7CF /* Build configuration list for PBXNativeTarget "Card" */;
			buildPhases = (
				D06CFDDD1E09D9D10079D7CF /* Sources */,
				D06CFDDE1E09D9D10079D7CF /* Frameworks */,
				D06CFDDF1E09D9D10079D7CF /* Resources */,
				D0343D83236BD6CB00D4F273 /* Embed Frameworks */,
			);
			buildRules = (
			);
			dependencies = (
			);
			name = Card;
			packageProductDependencies = (
				D0FAAB35236E3A6A005710CD /* AAIDInjection */,
			);
			productName = Card;
			productReference = D06CFDE11E09D9D20079D7CF /* Card.app */;
			productType = "com.apple.product-type.application";
		};
		D0D37154236FFE0600EAED7C /* CardTests */ = {
			isa = PBXNativeTarget;
			buildConfigurationList = D0D3715E236FFE0600EAED7C /* Build configuration list for PBXNativeTarget "CardTests" */;
			buildPhases = (
				D0D37151236FFE0600EAED7C /* Sources */,
				D0D37152236FFE0600EAED7C /* Frameworks */,
				D0D37153236FFE0600EAED7C /* Resources */,
			);
			buildRules = (
			);
			dependencies = (
				D0D3715B236FFE0600EAED7C /* PBXTargetDependency */,
			);
			name = CardTests;
			productName = CardTests;
			productReference = D0D37155236FFE0600EAED7C /* CardTests.xctest */;
			productType = "com.apple.product-type.bundle.unit-test";
		};
/* End PBXNativeTarget section */

/* Begin PBXProject section */
		D06CFDD91E09D9D10079D7CF /* Project object */ = {
			isa = PBXProject;
			attributes = {
				LastSwiftUpdateCheck = 1100;
				LastUpgradeCheck = 1010;
				ORGANIZATIONNAME = "Estevan Hernandez";
				TargetAttributes = {
					D0480F951F0723820064C217 = {
						CreatedOnToolsVersion = 8.3.3;
						DevelopmentTeam = XA987QDW58;
						LastSwiftMigration = 1100;
						ProvisioningStyle = Automatic;
						TestTargetID = D06CFDE01E09D9D10079D7CF;
					};
					D06CFDE01E09D9D10079D7CF = {
						CreatedOnToolsVersion = 8.2;
						DevelopmentTeam = XA987QDW58;
						LastSwiftMigration = 1100;
						ProvisioningStyle = Automatic;
					};
					D0D37154236FFE0600EAED7C = {
						CreatedOnToolsVersion = 11.0;
						TestTargetID = D06CFDE01E09D9D10079D7CF;
					};
				};
			};
			buildConfigurationList = D06CFDDC1E09D9D10079D7CF /* Build configuration list for PBXProject "Card" */;
			compatibilityVersion = "Xcode 3.2";
			developmentRegion = English;
			hasScannedForEncodings = 0;
			knownRegions = (
				English,
				en,
				Base,
			);
			mainGroup = D06CFDD81E09D9D10079D7CF;
			packageReferences = (
				D0FAAB34236E3A6A005710CD /* XCRemoteSwiftPackageReference "AAIDInjection" */,
			);
			productRefGroup = D06CFDE21E09D9D20079D7CF /* Products */;
			projectDirPath = "";
			projectRoot = "";
			targets = (
				D06CFDE01E09D9D10079D7CF /* Card */,
				D0480F951F0723820064C217 /* CardUITests */,
				D0D37154236FFE0600EAED7C /* CardTests */,
			);
		};
/* End PBXProject section */

/* Begin PBXResourcesBuildPhase section */
		D0480F941F0723820064C217 /* Resources */ = {
			isa = PBXResourcesBuildPhase;
			buildActionMask = 2147483647;
			files = (
			);
			runOnlyForDeploymentPostprocessing = 0;
		};
		D06CFDDF1E09D9D10079D7CF /* Resources */ = {
			isa = PBXResourcesBuildPhase;
			buildActionMask = 2147483647;
			files = (
				D06CFDEF1E09D9D20079D7CF /* LaunchScreen.storyboard in Resources */,
				D06CFDEC1E09D9D20079D7CF /* Assets.xcassets in Resources */,
				D023D704231A24E000EAC9DA /* QuestionsTableViewController.storyboard in Resources */,
				D06CFDFA1E0A0DD20079D7CF /* Card.xib in Resources */,
				D023D706231B77FA00EAC9DA /* CardViewController.storyboard in Resources */,
			);
			runOnlyForDeploymentPostprocessing = 0;
		};
		D0D37153236FFE0600EAED7C /* Resources */ = {
			isa = PBXResourcesBuildPhase;
			buildActionMask = 2147483647;
			files = (
			);
			runOnlyForDeploymentPostprocessing = 0;
		};
/* End PBXResourcesBuildPhase section */

/* Begin PBXSourcesBuildPhase section */
		D0480F921F0723820064C217 /* Sources */ = {
			isa = PBXSourcesBuildPhase;
			buildActionMask = 2147483647;
			files = (
				D023D6FA2319FE0E00EAC9DA /* Accessibility.swift in Sources */,
				D023D6FF231A05C800EAC9DA /* ButtonTitles.swift in Sources */,
				D0F06B3C23667C96000A7C8B /* CardPages.swift in Sources */,
				D0D9BEA223665760008A5514 /* Page.swift in Sources */,
				D023D6FE231A05C400EAC9DA /* CardUITests.swift in Sources */,
				D0D9BEA723666F16008A5514 /* TestLaunchArguments.swift in Sources */,
			);
			runOnlyForDeploymentPostprocessing = 0;
		};
		D06CFDDD1E09D9D10079D7CF /* Sources */ = {
			isa = PBXSourcesBuildPhase;
			buildActionMask = 2147483647;
			files = (
				D023D701231A24A200EAC9DA /* QuestionsTableViewController.swift in Sources */,
				D06CFDE71E09D9D20079D7CF /* CardViewController.swift in Sources */,
				D06CFDFC1E0A0DED0079D7CF /* CardView.swift in Sources */,
				D06CFDE51E09D9D20079D7CF /* AppDelegate.swift in Sources */,
				D0D3DD962314BCA40076372D /* Accessibility.swift in Sources */,
				D023D6FC231A033E00EAC9DA /* ButtonTitles.swift in Sources */,
				D0D9BEA823666F39008A5514 /* TestLaunchArguments.swift in Sources */,
				D0F396D81E1489C400E8020A /* Questions.swift in Sources */,
			);
			runOnlyForDeploymentPostprocessing = 0;
		};
		D0D37151236FFE0600EAED7C /* Sources */ = {
			isa = PBXSourcesBuildPhase;
			buildActionMask = 2147483647;
			files = (
				D0D37160236FFF2500EAED7C /* QuestionsTests.swift in Sources */,
			);
			runOnlyForDeploymentPostprocessing = 0;
		};
/* End PBXSourcesBuildPhase section */

/* Begin PBXTargetDependency section */
		D0480F9C1F0723820064C217 /* PBXTargetDependency */ = {
			isa = PBXTargetDependency;
			platformFilter = ios;
			target = D06CFDE01E09D9D10079D7CF /* Card */;
			targetProxy = D0480F9B1F0723820064C217 /* PBXContainerItemProxy */;
		};
		D0D3715B236FFE0600EAED7C /* PBXTargetDependency */ = {
			isa = PBXTargetDependency;
			target = D06CFDE01E09D9D10079D7CF /* Card */;
			targetProxy = D0D3715A236FFE0600EAED7C /* PBXContainerItemProxy */;
		};
/* End PBXTargetDependency section */

/* Begin PBXVariantGroup section */
		D023D702231A24E000EAC9DA /* QuestionsTableViewController.storyboard */ = {
			isa = PBXVariantGroup;
			children = (
				D023D703231A24E000EAC9DA /* Base */,
			);
			name = QuestionsTableViewController.storyboard;
			sourceTree = "<group>";
		};
		D06CFDED1E09D9D20079D7CF /* LaunchScreen.storyboard */ = {
			isa = PBXVariantGroup;
			children = (
				D06CFDEE1E09D9D20079D7CF /* Base */,
			);
			name = LaunchScreen.storyboard;
			sourceTree = "<group>";
		};
/* End PBXVariantGroup section */

/* Begin XCBuildConfiguration section */
		D0480F9D1F0723820064C217 /* Debug */ = {
			isa = XCBuildConfiguration;
			buildSettings = {
				CLANG_ANALYZER_NUMBER_OBJECT_CONVERSION = YES_AGGRESSIVE;
				DEVELOPMENT_TEAM = XA987QDW58;
				INFOPLIST_FILE = CardUITests/Info.plist;
				IPHONEOS_DEPLOYMENT_TARGET = 10.3;
				LD_RUNPATH_SEARCH_PATHS = (
					"$(inherited)",
					"@executable_path/Frameworks",
					"@loader_path/Frameworks",
				);
				PRODUCT_BUNDLE_IDENTIFIER = test.CardUITests;
				PRODUCT_NAME = "$(TARGET_NAME)";
				SWIFT_VERSION = 5.0;
				TEST_TARGET_NAME = Card;
			};
			name = Debug;
		};
		D0480F9E1F0723820064C217 /* Release */ = {
			isa = XCBuildConfiguration;
			buildSettings = {
				CLANG_ANALYZER_NUMBER_OBJECT_CONVERSION = YES_AGGRESSIVE;
				DEVELOPMENT_TEAM = XA987QDW58;
				INFOPLIST_FILE = CardUITests/Info.plist;
				IPHONEOS_DEPLOYMENT_TARGET = 10.3;
				LD_RUNPATH_SEARCH_PATHS = (
					"$(inherited)",
					"@executable_path/Frameworks",
					"@loader_path/Frameworks",
				);
				PRODUCT_BUNDLE_IDENTIFIER = test.CardUITests;
				PRODUCT_NAME = "$(TARGET_NAME)";
				SWIFT_VERSION = 5.0;
				TEST_TARGET_NAME = Card;
			};
			name = Release;
		};
		D06CFDF11E09D9D20079D7CF /* Debug */ = {
			isa = XCBuildConfiguration;
			buildSettings = {
				ALWAYS_SEARCH_USER_PATHS = NO;
				CLANG_ANALYZER_NONNULL = YES;
				CLANG_CXX_LANGUAGE_STANDARD = "gnu++0x";
				CLANG_CXX_LIBRARY = "libc++";
				CLANG_ENABLE_MODULES = YES;
				CLANG_ENABLE_OBJC_ARC = YES;
				CLANG_WARN_BLOCK_CAPTURE_AUTORELEASING = YES;
				CLANG_WARN_BOOL_CONVERSION = YES;
				CLANG_WARN_COMMA = YES;
				CLANG_WARN_CONSTANT_CONVERSION = YES;
				CLANG_WARN_DEPRECATED_OBJC_IMPLEMENTATIONS = YES;
				CLANG_WARN_DIRECT_OBJC_ISA_USAGE = YES_ERROR;
				CLANG_WARN_DOCUMENTATION_COMMENTS = YES;
				CLANG_WARN_EMPTY_BODY = YES;
				CLANG_WARN_ENUM_CONVERSION = YES;
				CLANG_WARN_INFINITE_RECURSION = YES;
				CLANG_WARN_INT_CONVERSION = YES;
				CLANG_WARN_NON_LITERAL_NULL_CONVERSION = YES;
				CLANG_WARN_OBJC_IMPLICIT_RETAIN_SELF = YES;
				CLANG_WARN_OBJC_LITERAL_CONVERSION = YES;
				CLANG_WARN_OBJC_ROOT_CLASS = YES_ERROR;
				CLANG_WARN_RANGE_LOOP_ANALYSIS = YES;
				CLANG_WARN_STRICT_PROTOTYPES = YES;
				CLANG_WARN_SUSPICIOUS_MOVE = YES;
				CLANG_WARN_UNREACHABLE_CODE = YES;
				CLANG_WARN__DUPLICATE_METHOD_MATCH = YES;
				"CODE_SIGN_IDENTITY[sdk=iphoneos*]" = "iPhone Developer";
				COPY_PHASE_STRIP = NO;
				DEBUG_INFORMATION_FORMAT = dwarf;
				ENABLE_STRICT_OBJC_MSGSEND = YES;
				ENABLE_TESTABILITY = YES;
				GCC_C_LANGUAGE_STANDARD = gnu99;
				GCC_DYNAMIC_NO_PIC = NO;
				GCC_NO_COMMON_BLOCKS = YES;
				GCC_OPTIMIZATION_LEVEL = 0;
				GCC_PREPROCESSOR_DEFINITIONS = (
					"DEBUG=1",
					"$(inherited)",
				);
				GCC_WARN_64_TO_32_BIT_CONVERSION = YES;
				GCC_WARN_ABOUT_RETURN_TYPE = YES_ERROR;
				GCC_WARN_UNDECLARED_SELECTOR = YES;
				GCC_WARN_UNINITIALIZED_AUTOS = YES_AGGRESSIVE;
				GCC_WARN_UNUSED_FUNCTION = YES;
				GCC_WARN_UNUSED_VARIABLE = YES;
				IPHONEOS_DEPLOYMENT_TARGET = 12.0;
				MTL_ENABLE_DEBUG_INFO = YES;
				ONLY_ACTIVE_ARCH = YES;
				SDKROOT = iphoneos;
				SWIFT_ACTIVE_COMPILATION_CONDITIONS = DEBUG;
				SWIFT_OPTIMIZATION_LEVEL = "-Onone";
				TARGETED_DEVICE_FAMILY = "1,2";
			};
			name = Debug;
		};
		D06CFDF21E09D9D20079D7CF /* Release */ = {
			isa = XCBuildConfiguration;
			buildSettings = {
				ALWAYS_SEARCH_USER_PATHS = NO;
				CLANG_ANALYZER_NONNULL = YES;
				CLANG_CXX_LANGUAGE_STANDARD = "gnu++0x";
				CLANG_CXX_LIBRARY = "libc++";
				CLANG_ENABLE_MODULES = YES;
				CLANG_ENABLE_OBJC_ARC = YES;
				CLANG_WARN_BLOCK_CAPTURE_AUTORELEASING = YES;
				CLANG_WARN_BOOL_CONVERSION = YES;
				CLANG_WARN_COMMA = YES;
				CLANG_WARN_CONSTANT_CONVERSION = YES;
				CLANG_WARN_DEPRECATED_OBJC_IMPLEMENTATIONS = YES;
				CLANG_WARN_DIRECT_OBJC_ISA_USAGE = YES_ERROR;
				CLANG_WARN_DOCUMENTATION_COMMENTS = YES;
				CLANG_WARN_EMPTY_BODY = YES;
				CLANG_WARN_ENUM_CONVERSION = YES;
				CLANG_WARN_INFINITE_RECURSION = YES;
				CLANG_WARN_INT_CONVERSION = YES;
				CLANG_WARN_NON_LITERAL_NULL_CONVERSION = YES;
				CLANG_WARN_OBJC_IMPLICIT_RETAIN_SELF = YES;
				CLANG_WARN_OBJC_LITERAL_CONVERSION = YES;
				CLANG_WARN_OBJC_ROOT_CLASS = YES_ERROR;
				CLANG_WARN_RANGE_LOOP_ANALYSIS = YES;
				CLANG_WARN_STRICT_PROTOTYPES = YES;
				CLANG_WARN_SUSPICIOUS_MOVE = YES;
				CLANG_WARN_UNREACHABLE_CODE = YES;
				CLANG_WARN__DUPLICATE_METHOD_MATCH = YES;
				"CODE_SIGN_IDENTITY[sdk=iphoneos*]" = "iPhone Developer";
				COPY_PHASE_STRIP = NO;
				DEBUG_INFORMATION_FORMAT = "dwarf-with-dsym";
				ENABLE_NS_ASSERTIONS = NO;
				ENABLE_STRICT_OBJC_MSGSEND = YES;
				GCC_C_LANGUAGE_STANDARD = gnu99;
				GCC_NO_COMMON_BLOCKS = YES;
				GCC_WARN_64_TO_32_BIT_CONVERSION = YES;
				GCC_WARN_ABOUT_RETURN_TYPE = YES_ERROR;
				GCC_WARN_UNDECLARED_SELECTOR = YES;
				GCC_WARN_UNINITIALIZED_AUTOS = YES_AGGRESSIVE;
				GCC_WARN_UNUSED_FUNCTION = YES;
				GCC_WARN_UNUSED_VARIABLE = YES;
				IPHONEOS_DEPLOYMENT_TARGET = 12.0;
				MTL_ENABLE_DEBUG_INFO = NO;
				SDKROOT = iphoneos;
				SWIFT_COMPILATION_MODE = wholemodule;
				SWIFT_OPTIMIZATION_LEVEL = "-O";
				TARGETED_DEVICE_FAMILY = "1,2";
				VALIDATE_PRODUCT = YES;
			};
			name = Release;
		};
		D06CFDF41E09D9D20079D7CF /* Debug */ = {
			isa = XCBuildConfiguration;
			buildSettings = {
				ASSETCATALOG_COMPILER_APPICON_NAME = AppIcon;
				"CODE_SIGN_IDENTITY[sdk=iphoneos*]" = "iPhone Developer";
				CODE_SIGN_STYLE = Automatic;
				DEVELOPMENT_TEAM = XA987QDW58;
				INFOPLIST_FILE = Card/Info.plist;
				IPHONEOS_DEPLOYMENT_TARGET = 12.0;
				LD_RUNPATH_SEARCH_PATHS = (
					"$(inherited)",
					"@executable_path/Frameworks",
				);
				PRODUCT_BUNDLE_IDENTIFIER = com.toiletsnakes.Card;
				PRODUCT_NAME = "$(TARGET_NAME)";
				PROVISIONING_PROFILE = "";
				PROVISIONING_PROFILE_SPECIFIER = "";
				SWIFT_VERSION = 5.0;
				TARGETED_DEVICE_FAMILY = 1;
			};
			name = Debug;
		};
		D06CFDF51E09D9D20079D7CF /* Release */ = {
			isa = XCBuildConfiguration;
			buildSettings = {
				ASSETCATALOG_COMPILER_APPICON_NAME = AppIcon;
				"CODE_SIGN_IDENTITY[sdk=iphoneos*]" = "iPhone Developer";
				CODE_SIGN_STYLE = Automatic;
				DEVELOPMENT_TEAM = XA987QDW58;
				INFOPLIST_FILE = Card/Info.plist;
				IPHONEOS_DEPLOYMENT_TARGET = 12.0;
				LD_RUNPATH_SEARCH_PATHS = (
					"$(inherited)",
					"@executable_path/Frameworks",
				);
				PRODUCT_BUNDLE_IDENTIFIER = com.toiletsnakes.Card;
				PRODUCT_NAME = "$(TARGET_NAME)";
				PROVISIONING_PROFILE_SPECIFIER = "";
				SWIFT_VERSION = 5.0;
				TARGETED_DEVICE_FAMILY = 1;
			};
			name = Release;
		};
		D0D3715C236FFE0600EAED7C /* Debug */ = {
			isa = XCBuildConfiguration;
			buildSettings = {
				BUNDLE_LOADER = "$(TEST_HOST)";
				CLANG_ANALYZER_NUMBER_OBJECT_CONVERSION = YES_AGGRESSIVE;
				CLANG_CXX_LANGUAGE_STANDARD = "gnu++14";
				CLANG_ENABLE_OBJC_WEAK = YES;
				CLANG_WARN_UNGUARDED_AVAILABILITY = YES_AGGRESSIVE;
				CODE_SIGN_STYLE = Automatic;
				DEVELOPMENT_TEAM = XA987QDW58;
				GCC_C_LANGUAGE_STANDARD = gnu11;
				INFOPLIST_FILE = CardTests/Info.plist;
				IPHONEOS_DEPLOYMENT_TARGET = 13.0;
				LD_RUNPATH_SEARCH_PATHS = (
					"$(inherited)",
					"@executable_path/Frameworks",
					"@loader_path/Frameworks",
				);
				MTL_ENABLE_DEBUG_INFO = INCLUDE_SOURCE;
				MTL_FAST_MATH = YES;
				PRODUCT_BUNDLE_IDENTIFIER = esther.CardTests;
				PRODUCT_NAME = "$(TARGET_NAME)";
				SWIFT_VERSION = 5.0;
				TARGETED_DEVICE_FAMILY = "1,2";
				TEST_HOST = "$(BUILT_PRODUCTS_DIR)/Card.app/Card";
			};
			name = Debug;
		};
		D0D3715D236FFE0600EAED7C /* Release */ = {
			isa = XCBuildConfiguration;
			buildSettings = {
				BUNDLE_LOADER = "$(TEST_HOST)";
				CLANG_ANALYZER_NUMBER_OBJECT_CONVERSION = YES_AGGRESSIVE;
				CLANG_CXX_LANGUAGE_STANDARD = "gnu++14";
				CLANG_ENABLE_OBJC_WEAK = YES;
				CLANG_WARN_UNGUARDED_AVAILABILITY = YES_AGGRESSIVE;
				CODE_SIGN_STYLE = Automatic;
				DEVELOPMENT_TEAM = XA987QDW58;
				GCC_C_LANGUAGE_STANDARD = gnu11;
				INFOPLIST_FILE = CardTests/Info.plist;
				IPHONEOS_DEPLOYMENT_TARGET = 13.0;
				LD_RUNPATH_SEARCH_PATHS = (
					"$(inherited)",
					"@executable_path/Frameworks",
					"@loader_path/Frameworks",
				);
				MTL_FAST_MATH = YES;
				PRODUCT_BUNDLE_IDENTIFIER = esther.CardTests;
				PRODUCT_NAME = "$(TARGET_NAME)";
				SWIFT_VERSION = 5.0;
				TARGETED_DEVICE_FAMILY = "1,2";
				TEST_HOST = "$(BUILT_PRODUCTS_DIR)/Card.app/Card";
			};
			name = Release;
		};
/* End XCBuildConfiguration section */

/* Begin XCConfigurationList section */
		D0480F9F1F0723820064C217 /* Build configuration list for PBXNativeTarget "CardUITests" */ = {
			isa = XCConfigurationList;
			buildConfigurations = (
				D0480F9D1F0723820064C217 /* Debug */,
				D0480F9E1F0723820064C217 /* Release */,
			);
			defaultConfigurationIsVisible = 0;
			defaultConfigurationName = Release;
		};
		D06CFDDC1E09D9D10079D7CF /* Build configuration list for PBXProject "Card" */ = {
			isa = XCConfigurationList;
			buildConfigurations = (
				D06CFDF11E09D9D20079D7CF /* Debug */,
				D06CFDF21E09D9D20079D7CF /* Release */,
			);
			defaultConfigurationIsVisible = 0;
			defaultConfigurationName = Release;
		};
		D06CFDF31E09D9D20079D7CF /* Build configuration list for PBXNativeTarget "Card" */ = {
			isa = XCConfigurationList;
			buildConfigurations = (
				D06CFDF41E09D9D20079D7CF /* Debug */,
				D06CFDF51E09D9D20079D7CF /* Release */,
			);
			defaultConfigurationIsVisible = 0;
			defaultConfigurationName = Release;
		};
		D0D3715E236FFE0600EAED7C /* Build configuration list for PBXNativeTarget "CardTests" */ = {
			isa = XCConfigurationList;
			buildConfigurations = (
				D0D3715C236FFE0600EAED7C /* Debug */,
				D0D3715D236FFE0600EAED7C /* Release */,
			);
			defaultConfigurationIsVisible = 0;
			defaultConfigurationName = Release;
		};
/* End XCConfigurationList section */

/* Begin XCRemoteSwiftPackageReference section */
		D0FAAB34236E3A6A005710CD /* XCRemoteSwiftPackageReference "AAIDInjection" */ = {
			isa = XCRemoteSwiftPackageReference;
			repositoryURL = "https://github.com/EstevanBR/AAIDInjection";
			requirement = {
				branch = master;
				kind = branch;
			};
		};
/* End XCRemoteSwiftPackageReference section */

/* Begin XCSwiftPackageProductDependency section */
		D0FAAB35236E3A6A005710CD /* AAIDInjection */ = {
			isa = XCSwiftPackageProductDependency;
			package = D0FAAB34236E3A6A005710CD /* XCRemoteSwiftPackageReference "AAIDInjection" */;
			productName = AAIDInjection;
		};
/* End XCSwiftPackageProductDependency section */
	};
	rootObject = D06CFDD91E09D9D10079D7CF /* Project object */;
}
